
Microsoft Visual Studio Solution File, Format Version 12.00
Project("{FAE04EC0-301F-11D3-BF4B-00C04F79EFBC}") = "Batch", "Batch\Batch.csproj", "{0EEF23C4-A851-48B6-AFA2-E266314253AA}"
EndProject
Project("{FAE04EC0-301F-11D3-BF4B-00C04F79EFBC}") = "Cyclone.Common", "Cyclone.Common\Cyclone.Common.csproj", "{5E3E5EF2-B5C3-4460-AC00-D978C35AAC94}"
EndProject
Project("{FAE04EC0-301F-11D3-BF4B-00C04F79EFBC}") = "Measurement", "Measurement\Measurement.csproj", "{C479FD97-67F6-4AC0-B05B-64550EA77345}"
EndProject
Project("{2150E333-8FDC-42A3-9474-1A3956D46DE8}") = "Solution Items", "Solution Items", "{E56929FE-8E67-4D7B-8599-574DBCFB05B9}"
	ProjectSection(SolutionItems) = preProject
		compose.yaml = compose.yaml
	EndProjectSection
EndProject
Project("{FAE04EC0-301F-11D3-BF4B-00C04F79EFBC}") = "Recipes", "Recipes\Recipes.csproj", "{653D44BE-D9B1-41B2-8B27-586BD83F921B}"
EndProject
Global
	GlobalSection(SolutionConfigurationPlatforms) = preSolution
		Debug|Any CPU = Debug|Any CPU
		Release|Any CPU = Release|Any CPU
	EndGlobalSection
	GlobalSection(ProjectConfigurationPlatforms) = postSolution
		{0EEF23C4-A851-48B6-AFA2-E266314253AA}.Debug|Any CPU.ActiveCfg = Debug|Any CPU
		{0EEF23C4-A851-48B6-AFA2-E266314253AA}.Debug|Any CPU.Build.0 = Debug|Any CPU
		{0EEF23C4-A851-48B6-AFA2-E266314253AA}.Release|Any CPU.ActiveCfg = Release|Any CPU
		{0EEF23C4-A851-48B6-AFA2-E266314253AA}.Release|Any CPU.Build.0 = Release|Any CPU
		{5E3E5EF2-B5C3-4460-AC00-D978C35AAC94}.Debug|Any CPU.ActiveCfg = Debug|Any CPU
		{5E3E5EF2-B5C3-4460-AC00-D978C35AAC94}.Debug|Any CPU.Build.0 = Debug|Any CPU
		{5E3E5EF2-B5C3-4460-AC00-D978C35AAC94}.Release|Any CPU.ActiveCfg = Release|Any CPU
		{5E3E5EF2-B5C3-4460-AC00-D978C35AAC94}.Release|Any CPU.Build.0 = Release|Any CPU
		{C479FD97-67F6-4AC0-B05B-64550EA77345}.Debug|Any CPU.ActiveCfg = Debug|Any CPU
		{C479FD97-67F6-4AC0-B05B-64550EA77345}.Debug|Any CPU.Build.0 = Debug|Any CPU
		{C479FD97-67F6-4AC0-B05B-64550EA77345}.Release|Any CPU.ActiveCfg = Release|Any CPU
		{C479FD97-67F6-4AC0-B05B-64550EA77345}.Release|Any CPU.Build.0 = Release|Any CPU
		{653D44BE-D9B1-41B2-8B27-586BD83F921B}.Debug|Any CPU.ActiveCfg = Debug|Any CPU
		{653D44BE-D9B1-41B2-8B27-586BD83F921B}.Debug|Any CPU.Build.0 = Debug|Any CPU
		{653D44BE-D9B1-41B2-8B27-586BD83F921B}.Release|Any CPU.ActiveCfg = Release|Any CPU
		{653D44BE-D9B1-41B2-8B27-586BD83F921B}.Release|Any CPU.Build.0 = Release|Any CPU
	EndGlobalSection
EndGlobal
